// !$*UTF8*$!
{
	archiveVersion = 1;
	classes = {
	};
	objectVersion = 46;
	objects = {

/* Begin PBXBuildFile section */
		CD3335941CE2B47C009B76A3 /* AppDelegate.swift in Sources */ = {isa = PBXBuildFile; fileRef = CD3335931CE2B47C009B76A3 /* AppDelegate.swift */; };
		CD3335961CE2B47C009B76A3 /* MasterViewController.swift in Sources */ = {isa = PBXBuildFile; fileRef = CD3335951CE2B47C009B76A3 /* MasterViewController.swift */; };
		CD3335991CE2B47C009B76A3 /* Main.storyboard in Resources */ = {isa = PBXBuildFile; fileRef = CD3335971CE2B47C009B76A3 /* Main.storyboard */; };
		CD33359B1CE2B47C009B76A3 /* Assets.xcassets in Resources */ = {isa = PBXBuildFile; fileRef = CD33359A1CE2B47C009B76A3 /* Assets.xcassets */; };
		CD33359E1CE2B47C009B76A3 /* LaunchScreen.storyboard in Resources */ = {isa = PBXBuildFile; fileRef = CD33359C1CE2B47C009B76A3 /* LaunchScreen.storyboard */; };
/* End PBXBuildFile section */

/* Begin PBXFileReference section */
		CD3335901CE2B47C009B76A3 /* Deselector.app */ = {isa = PBXFileReference; explicitFileType = wrapper.application; includeInIndex = 0; path = Deselector.app; sourceTree = BUILT_PRODUCTS_DIR; };
		CD3335931CE2B47C009B76A3 /* AppDelegate.swift */ = {isa = PBXFileReference; lastKnownFileType = sourcecode.swift; path = AppDelegate.swift; sourceTree = "<group>"; };
		CD3335951CE2B47C009B76A3 /* MasterViewController.swift */ = {isa = PBXFileReference; lastKnownFileType = sourcecode.swift; path = MasterViewController.swift; sourceTree = "<group>"; };
		CD3335981CE2B47C009B76A3 /* Base */ = {isa = PBXFileReference; lastKnownFileType = file.storyboard; name = Base; path = Base.lproj/Main.storyboard; sourceTree = "<group>"; };
		CD33359A1CE2B47C009B76A3 /* Assets.xcassets */ = {isa = PBXFileReference; lastKnownFileType = folder.assetcatalog; path = Assets.xcassets; sourceTree = "<group>"; };
		CD33359D1CE2B47C009B76A3 /* Base */ = {isa = PBXFileReference; lastKnownFileType = file.storyboard; name = Base; path = Base.lproj/LaunchScreen.storyboard; sourceTree = "<group>"; };
		CD33359F1CE2B47C009B76A3 /* Info.plist */ = {isa = PBXFileReference; lastKnownFileType = text.plist.xml; path = Info.plist; sourceTree = "<group>"; };
/* End PBXFileReference section */

/* Begin PBXFrameworksBuildPhase section */
		CD33358D1CE2B47C009B76A3 /* Frameworks */ = {
			isa = PBXFrameworksBuildPhase;
			buildActionMask = 2147483647;
			files = (
			);
			runOnlyForDeploymentPostprocessing = 0;
		};
/* End PBXFrameworksBuildPhase section */

/* Begin PBXGroup section */
		CD3335871CE2B47C009B76A3 = {
			isa = PBXGroup;
			children = (
				CD3335921CE2B47C009B76A3 /* Deselector */,
				CD3335911CE2B47C009B76A3 /* Products */,
			);
			sourceTree = "<group>";
		};
		CD3335911CE2B47C009B76A3 /* Products */ = {
			isa = PBXGroup;
			children = (
				CD3335901CE2B47C009B76A3 /* Deselector.app */,
			);
			name = Products;
			sourceTree = "<group>";
		};
		CD3335921CE2B47C009B76A3 /* Deselector */ = {
			isa = PBXGroup;
			children = (
				CD3335931CE2B47C009B76A3 /* AppDelegate.swift */,
				CD3335951CE2B47C009B76A3 /* MasterViewController.swift */,
				CD3335971CE2B47C009B76A3 /* Main.storyboard */,
				CD33359A1CE2B47C009B76A3 /* Assets.xcassets */,
				CD33359C1CE2B47C009B76A3 /* LaunchScreen.storyboard */,
				CD33359F1CE2B47C009B76A3 /* Info.plist */,
			);
			path = Deselector;
			sourceTree = "<group>";
		};
/* End PBXGroup section */

/* Begin PBXNativeTarget section */
		CD33358F1CE2B47C009B76A3 /* Deselector */ = {
			isa = PBXNativeTarget;
			buildConfigurationList = CD3335A21CE2B47C009B76A3 /* Build configuration list for PBXNativeTarget "Deselector" */;
			buildPhases = (
				CD33358C1CE2B47C009B76A3 /* Sources */,
				CD33358D1CE2B47C009B76A3 /* Frameworks */,
				CD33358E1CE2B47C009B76A3 /* Resources */,
			);
			buildRules = (
			);
			dependencies = (
			);
			name = Deselector;
			productName = Deselector;
			productReference = CD3335901CE2B47C009B76A3 /* Deselector.app */;
			productType = "com.apple.product-type.application";
		};
/* End PBXNativeTarget section */

/* Begin PBXProject section */
		CD3335881CE2B47C009B76A3 /* Project object */ = {
			isa = PBXProject;
			attributes = {
				LastSwiftUpdateCheck = 0730;
				LastUpgradeCheck = 0730;
				ORGANIZATIONNAME = Raizlabs;
				TargetAttributes = {
					CD33358F1CE2B47C009B76A3 = {
						CreatedOnToolsVersion = 7.3;
					};
				};
			};
			buildConfigurationList = CD33358B1CE2B47C009B76A3 /* Build configuration list for PBXProject "Deselector" */;
			compatibilityVersion = "Xcode 3.2";
			developmentRegion = English;
			hasScannedForEncodings = 0;
			knownRegions = (
				en,
				Base,
			);
			mainGroup = CD3335871CE2B47C009B76A3;
			productRefGroup = CD3335911CE2B47C009B76A3 /* Products */;
			projectDirPath = "";
			projectRoot = "";
			targets = (
				CD33358F1CE2B47C009B76A3 /* Deselector */,
			);
		};
/* End PBXProject section */

/* Begin PBXResourcesBuildPhase section */
		CD33358E1CE2B47C009B76A3 /* Resources */ = {
			isa = PBXResourcesBuildPhase;
			buildActionMask = 2147483647;
			files = (
				CD33359E1CE2B47C009B76A3 /* LaunchScreen.storyboard in Resources */,
				CD33359B1CE2B47C009B76A3 /* Assets.xcassets in Resources */,
				CD3335991CE2B47C009B76A3 /* Main.storyboard in Resources */,
			);
			runOnlyForDeploymentPostprocessing = 0;
		};
/* End PBXResourcesBuildPhase section */

/* Begin PBXSourcesBuildPhase section */
		CD33358C1CE2B47C009B76A3 /* Sources */ = {
			isa = PBXSourcesBuildPhase;
			buildActionMask = 2147483647;
			files = (
				CD3335961CE2B47C009B76A3 /* MasterViewController.swift in Sources */,
				CD3335941CE2B47C009B76A3 /* AppDelegate.swift in Sources */,
			);
			runOnlyForDeploymentPostprocessing = 0;
		};
/* End PBXSourcesBuildPhase section */

/* Begin PBXVariantGroup section */
		CD3335971CE2B47C009B76A3 /* Main.storyboard */ = {
			isa = PBXVariantGroup;
			children = (
				CD3335981CE2B47C009B76A3 /* Base */,
			);
			name = Main.storyboard;
			sourceTree = "<group>";
		};
		CD33359C1CE2B47C009B76A3 /* LaunchScreen.storyboard */ = {
			isa = PBXVariantGroup;
			children = (
				CD33359D1CE2B47C009B76A3 /* Base */,
			);
			name = LaunchScreen.storyboard;
			sourceTree = "<group>";
		};
/* End PBXVariantGroup section */

/* Begin XCBuildConfiguration section */
		CD3335A01CE2B47C009B76A3 /* Debug */ = {
			isa = XCBuildConfiguration;
			buildSettings = {
				ALWAYS_SEARCH_USER_PATHS = NO;
				CLANG_ANALYZER_NONNULL = YES;
				CLANG_CXX_LANGUAGE_STANDARD = "gnu++0x";
				CLANG_CXX_LIBRARY = "libc++";
				CLANG_ENABLE_MODULES = YES;
				CLANG_ENABLE_OBJC_ARC = YES;
				CLANG_WARN_BOOL_CONVERSION = YES;
				CLANG_WARN_CONSTANT_CONVERSION = YES;
				CLANG_WARN_DIRECT_OBJC_ISA_USAGE = YES_ERROR;
				CLANG_WARN_EMPTY_BODY = YES;
				CLANG_WARN_ENUM_CONVERSION = YES;
				CLANG_WARN_INT_CONVERSION = YES;
				CLANG_WARN_OBJC_ROOT_CLASS = YES_ERROR;
				CLANG_WARN_UNREACHABLE_CODE = YES;
				CLANG_WARN__DUPLICATE_METHOD_MATCH = YES;
				"CODE_SIGN_IDENTITY[sdk=iphoneos*]" = "iPhone Developer";
				COPY_PHASE_STRIP = NO;
				DEBUG_INFORMATION_FORMAT = dwarf;
				ENABLE_STRICT_OBJC_MSGSEND = YES;
				ENABLE_TESTABILITY = YES;
				GCC_C_LANGUAGE_STANDARD = gnu99;
				GCC_DYNAMIC_NO_PIC = NO;
				GCC_NO_COMMON_BLOCKS = YES;
				GCC_OPTIMIZATION_LEVEL = 0;
				GCC_PREPROCESSOR_DEFINITIONS = (
					"DEBUG=1",
					"$(inherited)",
				);
				GCC_WARN_64_TO_32_BIT_CONVERSION = YES;
				GCC_WARN_ABOUT_RETURN_TYPE = YES_ERROR;
				GCC_WARN_UNDECLARED_SELECTOR = YES;
				GCC_WARN_UNINITIALIZED_AUTOS = YES_AGGRESSIVE;
				GCC_WARN_UNUSED_FUNCTION = YES;
				GCC_WARN_UNUSED_VARIABLE = YES;
				IPHONEOS_DEPLOYMENT_TARGET = 9.3;
				MTL_ENABLE_DEBUG_INFO = YES;
				ONLY_ACTIVE_ARCH = YES;
				SDKROOT = iphoneos;
				SWIFT_OPTIMIZATION_LEVEL = "-Onone";
			};
			name = Debug;
		};
		CD3335A11CE2B47C009B76A3 /* Release */ = {
			isa = XCBuildConfiguration;
			buildSettings = {
				ALWAYS_SEARCH_USER_PATHS = NO;
				CLANG_ANALYZER_NONNULL = YES;
				CLANG_CXX_LANGUAGE_STANDARD = "gnu++0x";
				CLANG_CXX_LIBRARY = "libc++";
				CLANG_ENABLE_MODULES = YES;
				CLANG_ENABLE_OBJC_ARC = YES;
				CLANG_WARN_BOOL_CONVERSION = YES;
				CLANG_WARN_CONSTANT_CONVERSION = YES;
				CLANG_WARN_DIRECT_OBJC_ISA_USAGE = YES_ERROR;
				CLANG_WARN_EMPTY_BODY = YES;
				CLANG_WARN_ENUM_CONVERSION = YES;
				CLANG_WARN_INT_CONVERSION = YES;
				CLANG_WARN_OBJC_ROOT_CLASS = YES_ERROR;
				CLANG_WARN_UNREACHABLE_CODE = YES;
				CLANG_WARN__DUPLICATE_METHOD_MATCH = YES;
				"CODE_SIGN_IDENTITY[sdk=iphoneos*]" = "iPhone Developer";
				COPY_PHASE_STRIP = NO;
				DEBUG_INFORMATION_FORMAT = "dwarf-with-dsym";
				ENABLE_NS_ASSERTIONS = NO;
				ENABLE_STRICT_OBJC_MSGSEND = YES;
				GCC_C_LANGUAGE_STANDARD = gnu99;
				GCC_NO_COMMON_BLOCKS = YES;
				GCC_WARN_64_TO_32_BIT_CONVERSION = YES;
				GCC_WARN_ABOUT_RETURN_TYPE = YES_ERROR;
				GCC_WARN_UNDECLARED_SELECTOR = YES;
				GCC_WARN_UNINITIALIZED_AUTOS = YES_AGGRESSIVE;
				GCC_WARN_UNUSED_FUNCTION = YES;
				GCC_WARN_UNUSED_VARIABLE = YES;
				IPHONEOS_DEPLOYMENT_TARGET = 9.3;
				MTL_ENABLE_DEBUG_INFO = NO;
				SDKROOT = iphoneos;
				VALIDATE_PRODUCT = YES;
			};
			name = Release;
		};
		CD3335A31CE2B47C009B76A3 /* Debug */ = {
			isa = XCBuildConfiguration;
			buildSettings = {
				ASSETCATALOG_COMPILER_APPICON_NAME = AppIcon;
				INFOPLIST_FILE = Deselector/Info.plist;
				LD_RUNPATH_SEARCH_PATHS = "$(inherited) @executable_path/Frameworks";
				PRODUCT_BUNDLE_IDENTIFIER = com.raizlabs.Deselector;
				PRODUCT_NAME = "$(TARGET_NAME)";
			};
			name = Debug;
		};
		CD3335A41CE2B47C009B76A3 /* Release */ = {
			isa = XCBuildConfiguration;
			buildSettings = {
				ASSETCATALOG_COMPILER_APPICON_NAME = AppIcon;
				INFOPLIST_FILE = Deselector/Info.plist;
				LD_RUNPATH_SEARCH_PATHS = "$(inherited) @executable_path/Frameworks";
				PRODUCT_BUNDLE_IDENTIFIER = com.raizlabs.Deselector;
				PRODUCT_NAME = "$(TARGET_NAME)";
			};
			name = Release;
		};
/* End XCBuildConfiguration section */

/* Begin XCConfigurationList section */
		CD33358B1CE2B47C009B76A3 /* Build configuration list for PBXProject "Deselector" */ = {
			isa = XCConfigurationList;
			buildConfigurations = (
				CD3335A01CE2B47C009B76A3 /* Debug */,
				CD3335A11CE2B47C009B76A3 /* Release */,
			);
			defaultConfigurationIsVisible = 0;
			defaultConfigurationName = Release;
		};
		CD3335A21CE2B47C009B76A3 /* Build configuration list for PBXNativeTarget "Deselector" */ = {
			isa = XCConfigurationList;
			buildConfigurations = (
				CD3335A31CE2B47C009B76A3 /* Debug */,
				CD3335A41CE2B47C009B76A3 /* Release */,
			);
			defaultConfigurationIsVisible = 0;
			defaultConfigurationName = Release;
		};
/* End XCConfigurationList section */
	};
	rootObject = CD3335881CE2B47C009B76A3 /* Project object */;
}
